Microsoft Visual Studio Solution File, Format Version 12.00
# Visual Studio Version 17
VisualStudioVersion = 17.5.2.0
MinimumVisualStudioVersion = 10.0.40219.1
Project("{FAE04EC0-301F-11D3-BF4B-00C04F79EFBC}") = "CicleArean", "CicleArean.csproj", "{F229DDE1-A14E-96E2-4458-4F673F579628}"
EndProject
Global
	GlobalSection(SolutionConfigurationPlatforms) = preSolution
		Debug|Any CPU = Debug|Any CPU
		Release|Any CPU = Release|Any CPU
	EndGlobalSection
	GlobalSection(ProjectConfigurationPlatforms) = postSolution
		{F229DDE1-A14E-96E2-4458-4F673F579628}.Debug|Any CPU.ActiveCfg = Debug|Any CPU
		{F229DDE1-A14E-96E2-4458-4F673F579628}.Debug|Any CPU.Build.0 = Debug|Any CPU
		{F229DDE1-A14E-96E2-4458-4F673F579628}.Release|Any CPU.ActiveCfg = Release|Any CPU
		{F229DDE1-A14E-96E2-4458-4F673F579628}.Release|Any CPU.Build.0 = Release|Any CPU
	EndGlobalSection
	GlobalSection(SolutionProperties) = preSolution
		HideSolutionNode = FALSE
	EndGlobalSection
	GlobalSection(ExtensibilityGlobals) = postSolution
		SolutionGuid = {0E7B4FCF-BF93-4F03-ACD4-B590F3A74879}
	EndGlobalSection
EndGlobal
