Microsoft Visual Studio Solution File, Format Version 12.00
# Visual Studio Version 17
VisualStudioVersion = 17.5.2.0
MinimumVisualStudioVersion = 10.0.40219.1
Project("{FAE04EC0-301F-11D3-BF4B-00C04F79EFBC}") = "ArrayTwoInt", "ArrayTwoInt.csproj", "{D565A161-DE7D-3CBE-E1F5-C5BC22AB4A5D}"
EndProject
Global
	GlobalSection(SolutionConfigurationPlatforms) = preSolution
		Debug|Any CPU = Debug|Any CPU
		Release|Any CPU = Release|Any CPU
	EndGlobalSection
	GlobalSection(ProjectConfigurationPlatforms) = postSolution
		{D565A161-DE7D-3CBE-E1F5-C5BC22AB4A5D}.Debug|Any CPU.ActiveCfg = Debug|Any CPU
		{D565A161-DE7D-3CBE-E1F5-C5BC22AB4A5D}.Debug|Any CPU.Build.0 = Debug|Any CPU
		{D565A161-DE7D-3CBE-E1F5-C5BC22AB4A5D}.Release|Any CPU.ActiveCfg = Release|Any CPU
		{D565A161-DE7D-3CBE-E1F5-C5BC22AB4A5D}.Release|Any CPU.Build.0 = Release|Any CPU
	EndGlobalSection
	GlobalSection(SolutionProperties) = preSolution
		HideSolutionNode = FALSE
	EndGlobalSection
	GlobalSection(ExtensibilityGlobals) = postSolution
		SolutionGuid = {CDEC6187-A681-4A76-8122-53117B314FE3}
	EndGlobalSection
EndGlobal
